dependencies:
  chmorgan/esp-libhelix-mp3:
    component_hash: cbb76089dc2c5749f7b470e2e70aedc44c9da519e04eb9a67d4c7ec275229e53
    dependencies:
    - name: idf
      require: private
      version: '>=4.1.0'
    source:
      registry_url: https://components.espressif.com
      type: service
    version: 1.0.3
  espressif/arduino-esp32:
    component_hash: 12ddb10a6cc6b5bc3c700334627f2a1a7a3736bfad9f63a8115199142104ef6d
    dependencies:
    - name: chmorgan/esp-libhelix-mp3
      registry_url: https://components.espressif.com
      require: private
      version: 1.0.3
    - name: espressif/cbor
      registry_url: https://components.espressif.com
      require: private
      rules:
      - if: target not in [esp32c2, esp32p4]
      version: 0.6.0~1
    - name: espressif/esp-dsp
      registry_url: https://components.espressif.com
      require: private
      rules:
      - if: target != esp32c2
      version: ^1.3.4
    - name: espressif/esp-modbus
      registry_url: https://components.espressif.com
      require: private
      version: ^1.0.15
    - name: espressif/esp-sr
      registry_url: https://components.espressif.com
      require: private
      rules:
      - if: target in [esp32s3]
      version: ^1.4.2
    - name: espressif/esp-zboss-lib
      registry_url: https://components.espressif.com
      require: private
      rules:
      - if: target not in [esp32c2, esp32p4]
      version: ==1.6.4
    - name: espressif/esp-zigbee-lib
      registry_url: https://components.espressif.com
      require: private
      rules:
      - if: target not in [esp32c2, esp32p4]
      version: ==1.6.5
    - name: espressif/esp_diag_data_store
      registry_url: https://components.espressif.com
      require: private
      rules:
      - if: target not in [esp32c2, esp32p4]
      version: 1.0.2
    - name: espressif/esp_diagnostics
      registry_url: https://components.espressif.com
      require: private
      rules:
      - if: target not in [esp32c2, esp32p4]
      version: 1.2.1
    - name: espressif/esp_hosted
      registry_url: https://components.espressif.com
      require: private
      rules:
      - if: target == esp32p4
      version: ^2.0.12
    - name: espressif/esp_insights
      registry_url: https://components.espressif.com
      require: private
      rules:
      - if: target not in [esp32c2, esp32p4]
      version: 1.2.2
    - name: espressif/esp_modem
      registry_url: https://components.espressif.com
      require: private
      version: ^1.1.0
    - name: espressif/esp_rainmaker
      registry_url: https://components.espressif.com
      require: private
      rules:
      - if: target not in [esp32c2, esp32p4]
      version: 1.5.2
    - name: espressif/esp_wifi_remote
      registry_url: https://components.espressif.com
      require: private
      rules:
      - if: target == esp32p4
      version: ^0.13.0
    - name: espressif/libsodium
      registry_url: https://components.espressif.com
      require: private
      version: ^1.0.20~1
    - name: espressif/mdns
      registry_url: https://components.espressif.com
      require: private
      version: ^1.2.3
    - name: espressif/network_provisioning
      registry_url: https://components.espressif.com
      require: private
      rules:
      - if: target != esp32c2
      version: 1.0.2
    - name: espressif/qrcode
      registry_url: https://components.espressif.com
      require: private
      rules:
      - if: target not in [esp32c2, esp32p4]
      version: 0.1.0~2
    - name: espressif/rmaker_common
      registry_url: https://components.espressif.com
      require: private
      rules:
      - if: target not in [esp32c2, esp32p4]
      version: 1.4.6
    - name: idf
      require: private
      version: '>=5.3,<5.6'
    - name: joltwallet/littlefs
      registry_url: https://components.espressif.com
      require: private
      version: ^1.10.2
    source:
      registry_url: https://components.espressif.com/
      type: service
    targets:
    - esp32
    - esp32s2
    - esp32s3
    - esp32c2
    - esp32c3
    - esp32c6
    - esp32h2
    - esp32p4
    - esp32c5
    version: 3.3.0~1
  espressif/cmake_utilities:
    component_hash: 351350613ceafba240b761b4ea991e0f231ac7a9f59a9ee901f751bddc0bb18f
    dependencies:
    - name: idf
      require: private
      version: '>=4.1'
    source:
      registry_url: https://components.espressif.com
      type: service
    version: 0.5.3
  espressif/eppp_link:
    component_hash: 07db13a39e28c52b7aa50bc4d7fe82b078297c1be578713138c5e818bcd7d149
    dependencies:
    - name: espressif/esp_serial_slave_link
      registry_url: https://components.espressif.com
      require: private
      version: ^1.1.0
    - name: idf
      require: private
      version: '>=5.2'
    source:
      registry_url: https://components.espressif.com
      type: service
    version: 1.0.1
  espressif/esp-dsp:
    component_hash: 42dce32d46ac93dc11f60d368e29a830e9661c7345d794b8a45c343479cae636
    dependencies:
    - name: idf
      require: private
      version: '>=4.2'
    source:
      registry_url: https://components.espressif.com
      type: service
    version: 1.7.0
  espressif/esp-modbus:
    component_hash: 5d5e90b9e55721a8a194b301ad8102d4affb647f47b74cd413ff7d1ce2c1169c
    dependencies:
    - name: idf
      require: private
      version: '>=4.3'
    source:
      registry_url: https://components.espressif.com
      type: service
    version: 1.0.18
  espressif/esp_hosted:
    component_hash: f32400eec7f35652052ae79ecb301148d4011769e94eb8d47262fb22fce933d2
    dependencies:
    - name: idf
      require: private
      version: '>=5.3'
    source:
      registry_url: https://components.espressif.com
      type: service
    version: 2.2.4
  espressif/esp_lcd_st7703:
    component_hash: fdc6a37259eeb69bf02c2dcb44eeb689b1b4d3a8124d4c7eb15d9817067989af
    dependencies:
    - name: espressif/cmake_utilities
      registry_url: https://components.espressif.com
      require: private
      version: 0.*
    - name: idf
      require: private
      version: '>=5.3'
    source:
      registry_url: https://components.espressif.com/
      type: service
    targets:
    - esp32p4
    version: 1.0.3
  espressif/esp_lvgl_port:
    component_hash: e720c95cf0667554a204591bb5fade4655fb2990465557041200fa44b5bc7556
    dependencies:
    - name: idf
      require: private
      version: '>=4.4'
    - name: lvgl/lvgl
      registry_url: https://components.espressif.com
      require: public
      version: '>=8,<10'
    source:
      registry_url: https://components.espressif.com/
      type: service
    version: 2.6.0
  espressif/esp_modem:
    component_hash: b541c3f5765d3ba062c0d004b9ca6da6d0af908293421c2dbe046c537fb2a011
    dependencies:
    - name: idf
      require: private
      version: '>=4.1'
    source:
      registry_url: https://components.espressif.com
      type: service
    version: 1.4.0
  espressif/esp_serial_slave_link:
    component_hash: d8c13c033a7604e9333b5d8ea45e0d6fec908fd552df7db20d33dd8d6916528d
    dependencies:
    - name: idf
      require: private
      version: '>=5.0'
    source:
      registry_url: https://components.espressif.com
      type: service
    version: 1.1.0~1
  espressif/esp_wifi_remote:
    component_hash: 4d72493decb95901f6dc9fe91d8a4149ba38c2d72a117ed343a83444415c81d9
    dependencies:
    - name: espressif/eppp_link
      registry_url: https://components.espressif.com
      require: private
      version: '>=0.1'
    - name: espressif/esp_hosted
      registry_url: https://components.espressif.com
      require: private
      rules:
      - if: target in [esp32h2, esp32p4]
      version: '>=0.0.6'
    - name: idf
      require: private
      version: '>=5.3'
    source:
      registry_url: https://components.espressif.com
      type: service
    version: 0.13.0
  espressif/libsodium:
    component_hash: 25b968723c584a2742ca36cebe5a7ef049c6767e059f7b1e1eec69946019025d
    dependencies:
    - name: idf
      require: private
      version: '>=4.2'
    source:
      registry_url: https://components.espressif.com
      type: service
    version: 1.0.20~2
  espressif/mdns:
    component_hash: 3ec0af5f6bce310512e90f482388d21cc7c0e99668172d2f895356165fc6f7c5
    dependencies:
    - name: idf
      require: private
      version: '>=5.0'
    source:
      registry_url: https://components.espressif.com
      type: service
    version: 1.8.2
  espressif/network_provisioning:
    component_hash: ef2e10182fd1861e68b821491916327c25416ca7ae70e5a6e43313dbc71fe993
    dependencies:
    - name: idf
      require: private
      version: '>=5.1'
    source:
      registry_url: https://components.espressif.com
      type: service
    version: 1.0.2
  idf:
    source:
      type: idf
    version: 5.5.0
  joltwallet/littlefs:
    component_hash: 8e12955f47e27e6070b76715a96d6c75fc2b44f069e8c33679332d9bdd3120c4
    dependencies:
    - name: idf
      require: private
      version: '>=5.0'
    source:
      registry_url: https://components.espressif.com
      type: service
    version: 1.20.1
  lvgl/lvgl:
    component_hash: b702d642e03e95928046d5c6726558e6444e112420c77efa5fdb6650b0a13c5d
    dependencies: []
    source:
      registry_url: https://components.espressif.com/
      type: service
    version: 9.3.0
direct_dependencies:
- espressif/arduino-esp32
- espressif/esp_lcd_st7703
- espressif/esp_lvgl_port
- idf
- lvgl/lvgl
manifest_hash: b61fc9edda6935b5a7bfdc713da77da384fc18c9e051d8fc9596481a13cdd1fb
target: esp32p4
version: 2.0.0
